
Microsoft Visual Studio Solution File, Format Version 12.00
Project("{FAE04EC0-301F-11D3-BF4B-00C04F79EFBC}") = "LanguageTrainer", "LanguageTrainer\LanguageTrainer.csproj", "{301BDD93-252E-4B24-A630-46C07C5FEA76}"
EndProject
Global
	GlobalSection(SolutionConfigurationPlatforms) = preSolution
		Debug|Any CPU = Debug|Any CPU
		Release|Any CPU = Release|Any CPU
	EndGlobalSection
	GlobalSection(ProjectConfigurationPlatforms) = postSolution
		{301BDD93-252E-4B24-A630-46C07C5FEA76}.Debug|Any CPU.ActiveCfg = Debug|Any CPU
		{301BDD93-252E-4B24-A630-46C07C5FEA76}.Debug|Any CPU.Build.0 = Debug|Any CPU
		{301BDD93-252E-4B24-A630-46C07C5FEA76}.Release|Any CPU.ActiveCfg = Release|Any CPU
		{301BDD93-252E-4B24-A630-46C07C5FEA76}.Release|Any CPU.Build.0 = Release|Any CPU
	EndGlobalSection
EndGlobal
